
Microsoft Visual Studio Solution File, Format Version 12.00
# Visual Studio Version 17
VisualStudioVersion = 17.9.34714.143
MinimumVisualStudioVersion = 10.0.40219.1
Project("{FAE04EC0-301F-11D3-BF4B-00C04F79EFBC}") = "Coffeehouse", "Coffeehouse\Coffeehouse.csproj", "{CA1A2BB6-D7B5-47C9-B35A-725925775B4F}"
EndProject
Global
	GlobalSection(SolutionConfigurationPlatforms) = preSolution
		Debug|Any CPU = Debug|Any CPU
		Release|Any CPU = Release|Any CPU
	EndGlobalSection
	GlobalSection(ProjectConfigurationPlatforms) = postSolution
		{CA1A2BB6-D7B5-47C9-B35A-725925775B4F}.Debug|Any CPU.ActiveCfg = Debug|Any CPU
		{CA1A2BB6-D7B5-47C9-B35A-725925775B4F}.Debug|Any CPU.Build.0 = Debug|Any CPU
		{CA1A2BB6-D7B5-47C9-B35A-725925775B4F}.Release|Any CPU.ActiveCfg = Release|Any CPU
		{CA1A2BB6-D7B5-47C9-B35A-725925775B4F}.Release|Any CPU.Build.0 = Release|Any CPU
	EndGlobalSection
	GlobalSection(SolutionProperties) = preSolution
		HideSolutionNode = FALSE
	EndGlobalSection
	GlobalSection(ExtensibilityGlobals) = postSolution
		SolutionGuid = {03D1AF1C-637E-4C15-8D10-BF05A0A388E8}
	EndGlobalSection
EndGlobal
